// !$*UTF8*$!
{
	archiveVersion = 1;
	classes = {
	};
	objectVersion = 50;
	objects = {

/* Begin PBXBuildFile section */
		2C2A3953213FC2DD00E7FE74 /* LTBaseViewController.m in Sources */ = {isa = PBXBuildFile; fileRef = 2C2A3927213FC2DD00E7FE74 /* LTBaseViewController.m */; };
		2C2A3954213FC2DD00E7FE74 /* LTTextViewController.m in Sources */ = {isa = PBXBuildFile; fileRef = 2C2A3928213FC2DD00E7FE74 /* LTTextViewController.m */; };
		2C2A3955213FC2DD00E7FE74 /* LTWebViewController.m in Sources */ = {isa = PBXBuildFile; fileRef = 2C2A392B213FC2DD00E7FE74 /* LTWebViewController.m */; };
		2C2A3956213FC2DD00E7FE74 /* LTNavUIBaseViewController.m in Sources */ = {isa = PBXBuildFile; fileRef = 2C2A392C213FC2DD00E7FE74 /* LTNavUIBaseViewController.m */; };
		2C2A3957213FC2DD00E7FE74 /* LTStaticPlainTableViewController.m in Sources */ = {isa = PBXBuildFile; fileRef = 2C2A392F213FC2DD00E7FE74 /* LTStaticPlainTableViewController.m */; };
		2C2A3958213FC2DD00E7FE74 /* LTTableViewController.m in Sources */ = {isa = PBXBuildFile; fileRef = 2C2A3931213FC2DD00E7FE74 /* LTTableViewController.m */; };
		2C2A3959213FC2DD00E7FE74 /* LTNavigationController.m in Sources */ = {isa = PBXBuildFile; fileRef = 2C2A3934213FC2DD00E7FE74 /* LTNavigationController.m */; };
		2C2A395A213FC2DD00E7FE74 /* LTCollectionViewController.m in Sources */ = {isa = PBXBuildFile; fileRef = 2C2A3935213FC2DD00E7FE74 /* LTCollectionViewController.m */; };
		2C2A395B213FC2DD00E7FE74 /* LTRequestBaseViewController.m in Sources */ = {isa = PBXBuildFile; fileRef = 2C2A3938213FC2DD00E7FE74 /* LTRequestBaseViewController.m */; };
		2C2A395C213FC2DD00E7FE74 /* LTStaticTableViewController.m in Sources */ = {isa = PBXBuildFile; fileRef = 2C2A3939213FC2DD00E7FE74 /* LTStaticTableViewController.m */; };
		2C2A395D213FC2DD00E7FE74 /* LTWordArrowItem.m in Sources */ = {isa = PBXBuildFile; fileRef = 2C2A393B213FC2DD00E7FE74 /* LTWordArrowItem.m */; };
		2C2A395E213FC2DD00E7FE74 /* LTItemSection.m in Sources */ = {isa = PBXBuildFile; fileRef = 2C2A393F213FC2DD00E7FE74 /* LTItemSection.m */; };
		2C2A395F213FC2DD00E7FE74 /* LTWordItem.m in Sources */ = {isa = PBXBuildFile; fileRef = 2C2A3940213FC2DD00E7FE74 /* LTWordItem.m */; };
		2C2A3960213FC2DD00E7FE74 /* LTElementsFlowLayout.m in Sources */ = {isa = PBXBuildFile; fileRef = 2C2A3943213FC2DD00E7FE74 /* LTElementsFlowLayout.m */; };
		2C2A3961213FC2DD00E7FE74 /* LTHorizontalFlowLayout.m in Sources */ = {isa = PBXBuildFile; fileRef = 2C2A3944213FC2DD00E7FE74 /* LTHorizontalFlowLayout.m */; };
		2C2A3962213FC2DD00E7FE74 /* LTSettingCell.m in Sources */ = {isa = PBXBuildFile; fileRef = 2C2A3945213FC2DD00E7FE74 /* LTSettingCell.m */; };
		2C2A3963213FC2DD00E7FE74 /* LTVerticalFlowLayout.m in Sources */ = {isa = PBXBuildFile; fileRef = 2C2A3946213FC2DD00E7FE74 /* LTVerticalFlowLayout.m */; };
		2C2A3964213FC2DD00E7FE74 /* LTNavigationBar.m in Sources */ = {isa = PBXBuildFile; fileRef = 2C2A3947213FC2DD00E7FE74 /* LTNavigationBar.m */; };
		2C2A3965213FC2DD00E7FE74 /* WeakScriptMessageDelegate.m in Sources */ = {isa = PBXBuildFile; fileRef = 2C2A3951213FC2DD00E7FE74 /* WeakScriptMessageDelegate.m */; };
		2C2A3966213FC2DD00E7FE74 /* LTHelper.m in Sources */ = {isa = PBXBuildFile; fileRef = 2C2A3952213FC2DD00E7FE74 /* LTHelper.m */; };
		2C2A396C213FD0D100E7FE74 /* LTBaseClasses.bundle in Resources */ = {isa = PBXBuildFile; fileRef = 2C2A396B213FD0D100E7FE74 /* LTBaseClasses.bundle */; };
		2CCD275E213F7E57002750A0 /* AppDelegate.m in Sources */ = {isa = PBXBuildFile; fileRef = 2CCD275D213F7E57002750A0 /* AppDelegate.m */; };
		2CCD2761213F7E57002750A0 /* ViewController.m in Sources */ = {isa = PBXBuildFile; fileRef = 2CCD2760213F7E57002750A0 /* ViewController.m */; };
		2CCD2764213F7E57002750A0 /* Main.storyboard in Resources */ = {isa = PBXBuildFile; fileRef = 2CCD2762213F7E57002750A0 /* Main.storyboard */; };
		2CCD2766213F7E58002750A0 /* Assets.xcassets in Resources */ = {isa = PBXBuildFile; fileRef = 2CCD2765213F7E58002750A0 /* Assets.xcassets */; };
		2CCD2769213F7E58002750A0 /* LaunchScreen.storyboard in Resources */ = {isa = PBXBuildFile; fileRef = 2CCD2767213F7E58002750A0 /* LaunchScreen.storyboard */; };
		2CCD276C213F7E58002750A0 /* main.m in Sources */ = {isa = PBXBuildFile; fileRef = 2CCD276B213F7E58002750A0 /* main.m */; };
		D670A7B81CE7AB51BD6148B9 /* Pods_LTBaseClassDemo.framework in Frameworks */ = {isa = PBXBuildFile; fileRef = 90781EBAD4B3EF3B12F3B8C6 /* Pods_LTBaseClassDemo.framework */; };
/* End PBXBuildFile section */

/* Begin PBXFileReference section */
		2C2A3926213FC2DD00E7FE74 /* LTTableViewController.h */ = {isa = PBXFileReference; fileEncoding = 4; lastKnownFileType = sourcecode.c.h; path = LTTableViewController.h; sourceTree = "<group>"; };
		2C2A3927213FC2DD00E7FE74 /* LTBaseViewController.m */ = {isa = PBXFileReference; fileEncoding = 4; lastKnownFileType = sourcecode.c.objc; path = LTBaseViewController.m; sourceTree = "<group>"; };
		2C2A3928213FC2DD00E7FE74 /* LTTextViewController.m */ = {isa = PBXFileReference; fileEncoding = 4; lastKnownFileType = sourcecode.c.objc; path = LTTextViewController.m; sourceTree = "<group>"; };
		2C2A3929213FC2DD00E7FE74 /* LTCollectionViewController.h */ = {isa = PBXFileReference; fileEncoding = 4; lastKnownFileType = sourcecode.c.h; path = LTCollectionViewController.h; sourceTree = "<group>"; };
		2C2A392A213FC2DD00E7FE74 /* LTNavigationController.h */ = {isa = PBXFileReference; fileEncoding = 4; lastKnownFileType = sourcecode.c.h; path = LTNavigationController.h; sourceTree = "<group>"; };
		2C2A392B213FC2DD00E7FE74 /* LTWebViewController.m */ = {isa = PBXFileReference; fileEncoding = 4; lastKnownFileType = sourcecode.c.objc; path = LTWebViewController.m; sourceTree = "<group>"; };
		2C2A392C213FC2DD00E7FE74 /* LTNavUIBaseViewController.m */ = {isa = PBXFileReference; fileEncoding = 4; lastKnownFileType = sourcecode.c.objc; path = LTNavUIBaseViewController.m; sourceTree = "<group>"; };
		2C2A392D213FC2DD00E7FE74 /* LTStaticTableViewController.h */ = {isa = PBXFileReference; fileEncoding = 4; lastKnownFileType = sourcecode.c.h; path = LTStaticTableViewController.h; sourceTree = "<group>"; };
		2C2A392E213FC2DD00E7FE74 /* LTRequestBaseViewController.h */ = {isa = PBXFileReference; fileEncoding = 4; lastKnownFileType = sourcecode.c.h; path = LTRequestBaseViewController.h; sourceTree = "<group>"; };
		2C2A392F213FC2DD00E7FE74 /* LTStaticPlainTableViewController.m */ = {isa = PBXFileReference; fileEncoding = 4; lastKnownFileType = sourcecode.c.objc; path = LTStaticPlainTableViewController.m; sourceTree = "<group>"; };
		2C2A3930213FC2DD00E7FE74 /* LTBaseViewController.h */ = {isa = PBXFileReference; fileEncoding = 4; lastKnownFileType = sourcecode.c.h; path = LTBaseViewController.h; sourceTree = "<group>"; };
		2C2A3931213FC2DD00E7FE74 /* LTTableViewController.m */ = {isa = PBXFileReference; fileEncoding = 4; lastKnownFileType = sourcecode.c.objc; path = LTTableViewController.m; sourceTree = "<group>"; };
		2C2A3932213FC2DD00E7FE74 /* LTNavUIBaseViewController.h */ = {isa = PBXFileReference; fileEncoding = 4; lastKnownFileType = sourcecode.c.h; path = LTNavUIBaseViewController.h; sourceTree = "<group>"; };
		2C2A3933213FC2DD00E7FE74 /* LTWebViewController.h */ = {isa = PBXFileReference; fileEncoding = 4; lastKnownFileType = sourcecode.c.h; path = LTWebViewController.h; sourceTree = "<group>"; };
		2C2A3934213FC2DD00E7FE74 /* LTNavigationController.m */ = {isa = PBXFileReference; fileEncoding = 4; lastKnownFileType = sourcecode.c.objc; path = LTNavigationController.m; sourceTree = "<group>"; };
		2C2A3935213FC2DD00E7FE74 /* LTCollectionViewController.m */ = {isa = PBXFileReference; fileEncoding = 4; lastKnownFileType = sourcecode.c.objc; path = LTCollectionViewController.m; sourceTree = "<group>"; };
		2C2A3936213FC2DD00E7FE74 /* LTTextViewController.h */ = {isa = PBXFileReference; fileEncoding = 4; lastKnownFileType = sourcecode.c.h; path = LTTextViewController.h; sourceTree = "<group>"; };
		2C2A3937213FC2DD00E7FE74 /* LTStaticPlainTableViewController.h */ = {isa = PBXFileReference; fileEncoding = 4; lastKnownFileType = sourcecode.c.h; path = LTStaticPlainTableViewController.h; sourceTree = "<group>"; };
		2C2A3938213FC2DD00E7FE74 /* LTRequestBaseViewController.m */ = {isa = PBXFileReference; fileEncoding = 4; lastKnownFileType = sourcecode.c.objc; path = LTRequestBaseViewController.m; sourceTree = "<group>"; };
		2C2A3939213FC2DD00E7FE74 /* LTStaticTableViewController.m */ = {isa = PBXFileReference; fileEncoding = 4; lastKnownFileType = sourcecode.c.objc; path = LTStaticTableViewController.m; sourceTree = "<group>"; };
		2C2A393B213FC2DD00E7FE74 /* LTWordArrowItem.m */ = {isa = PBXFileReference; fileEncoding = 4; lastKnownFileType = sourcecode.c.objc; path = LTWordArrowItem.m; sourceTree = "<group>"; };
		2C2A393C213FC2DD00E7FE74 /* LTItemSection.h */ = {isa = PBXFileReference; fileEncoding = 4; lastKnownFileType = sourcecode.c.h; path = LTItemSection.h; sourceTree = "<group>"; };
		2C2A393D213FC2DD00E7FE74 /* LTWordItem.h */ = {isa = PBXFileReference; fileEncoding = 4; lastKnownFileType = sourcecode.c.h; path = LTWordItem.h; sourceTree = "<group>"; };
		2C2A393E213FC2DD00E7FE74 /* LTWordArrowItem.h */ = {isa = PBXFileReference; fileEncoding = 4; lastKnownFileType = sourcecode.c.h; path = LTWordArrowItem.h; sourceTree = "<group>"; };
		2C2A393F213FC2DD00E7FE74 /* LTItemSection.m */ = {isa = PBXFileReference; fileEncoding = 4; lastKnownFileType = sourcecode.c.objc; path = LTItemSection.m; sourceTree = "<group>"; };
		2C2A3940213FC2DD00E7FE74 /* LTWordItem.m */ = {isa = PBXFileReference; fileEncoding = 4; lastKnownFileType = sourcecode.c.objc; path = LTWordItem.m; sourceTree = "<group>"; };
		2C2A3943213FC2DD00E7FE74 /* LTElementsFlowLayout.m */ = {isa = PBXFileReference; fileEncoding = 4; lastKnownFileType = sourcecode.c.objc; path = LTElementsFlowLayout.m; sourceTree = "<group>"; };
		2C2A3944213FC2DD00E7FE74 /* LTHorizontalFlowLayout.m */ = {isa = PBXFileReference; fileEncoding = 4; lastKnownFileType = sourcecode.c.objc; path = LTHorizontalFlowLayout.m; sourceTree = "<group>"; };
		2C2A3945213FC2DD00E7FE74 /* LTSettingCell.m */ = {isa = PBXFileReference; fileEncoding = 4; lastKnownFileType = sourcecode.c.objc; path = LTSettingCell.m; sourceTree = "<group>"; };
		2C2A3946213FC2DD00E7FE74 /* LTVerticalFlowLayout.m */ = {isa = PBXFileReference; fileEncoding = 4; lastKnownFileType = sourcecode.c.objc; path = LTVerticalFlowLayout.m; sourceTree = "<group>"; };
		2C2A3947213FC2DD00E7FE74 /* LTNavigationBar.m */ = {isa = PBXFileReference; fileEncoding = 4; lastKnownFileType = sourcecode.c.objc; path = LTNavigationBar.m; sourceTree = "<group>"; };
		2C2A3948213FC2DD00E7FE74 /* LTHorizontalFlowLayout.h */ = {isa = PBXFileReference; fileEncoding = 4; lastKnownFileType = sourcecode.c.h; path = LTHorizontalFlowLayout.h; sourceTree = "<group>"; };
		2C2A3949213FC2DD00E7FE74 /* LTElementsFlowLayout.h */ = {isa = PBXFileReference; fileEncoding = 4; lastKnownFileType = sourcecode.c.h; path = LTElementsFlowLayout.h; sourceTree = "<group>"; };
		2C2A394A213FC2DD00E7FE74 /* LTSettingCell.h */ = {isa = PBXFileReference; fileEncoding = 4; lastKnownFileType = sourcecode.c.h; path = LTSettingCell.h; sourceTree = "<group>"; };
		2C2A394B213FC2DD00E7FE74 /* LTNavigationBar.h */ = {isa = PBXFileReference; fileEncoding = 4; lastKnownFileType = sourcecode.c.h; path = LTNavigationBar.h; sourceTree = "<group>"; };
		2C2A394C213FC2DD00E7FE74 /* LTVerticalFlowLayout.h */ = {isa = PBXFileReference; fileEncoding = 4; lastKnownFileType = sourcecode.c.h; path = LTVerticalFlowLayout.h; sourceTree = "<group>"; };
		2C2A394E213FC2DD00E7FE74 /* LTHelper.h */ = {isa = PBXFileReference; fileEncoding = 4; lastKnownFileType = sourcecode.c.h; path = LTHelper.h; sourceTree = "<group>"; };
		2C2A394F213FC2DD00E7FE74 /* WeakScriptMessageDelegate.h */ = {isa = PBXFileReference; fileEncoding = 4; lastKnownFileType = sourcecode.c.h; path = WeakScriptMessageDelegate.h; sourceTree = "<group>"; };
		2C2A3950213FC2DD00E7FE74 /* HFSingleton.h */ = {isa = PBXFileReference; fileEncoding = 4; lastKnownFileType = sourcecode.c.h; path = HFSingleton.h; sourceTree = "<group>"; };
		2C2A3951213FC2DD00E7FE74 /* WeakScriptMessageDelegate.m */ = {isa = PBXFileReference; fileEncoding = 4; lastKnownFileType = sourcecode.c.objc; path = WeakScriptMessageDelegate.m; sourceTree = "<group>"; };
		2C2A3952213FC2DD00E7FE74 /* LTHelper.m */ = {isa = PBXFileReference; fileEncoding = 4; lastKnownFileType = sourcecode.c.objc; path = LTHelper.m; sourceTree = "<group>"; };
		2C2A396B213FD0D100E7FE74 /* LTBaseClasses.bundle */ = {isa = PBXFileReference; lastKnownFileType = "wrapper.plug-in"; path = LTBaseClasses.bundle; sourceTree = "<group>"; };
		2C358E7B2150E2D400136F74 /* LTBaseClassMacro.h */ = {isa = PBXFileReference; lastKnownFileType = sourcecode.c.h; path = LTBaseClassMacro.h; sourceTree = "<group>"; };
		2CCD2759213F7E57002750A0 /* LTBaseClassDemo.app */ = {isa = PBXFileReference; explicitFileType = wrapper.application; includeInIndex = 0; path = LTBaseClassDemo.app; sourceTree = BUILT_PRODUCTS_DIR; };
		2CCD275C213F7E57002750A0 /* AppDelegate.h */ = {isa = PBXFileReference; lastKnownFileType = sourcecode.c.h; path = AppDelegate.h; sourceTree = "<group>"; };
		2CCD275D213F7E57002750A0 /* AppDelegate.m */ = {isa = PBXFileReference; lastKnownFileType = sourcecode.c.objc; path = AppDelegate.m; sourceTree = "<group>"; };
		2CCD275F213F7E57002750A0 /* ViewController.h */ = {isa = PBXFileReference; lastKnownFileType = sourcecode.c.h; path = ViewController.h; sourceTree = "<group>"; };
		2CCD2760213F7E57002750A0 /* ViewController.m */ = {isa = PBXFileReference; lastKnownFileType = sourcecode.c.objc; path = ViewController.m; sourceTree = "<group>"; };
		2CCD2763213F7E57002750A0 /* Base */ = {isa = PBXFileReference; lastKnownFileType = file.storyboard; name = Base; path = Base.lproj/Main.storyboard; sourceTree = "<group>"; };
		2CCD2765213F7E58002750A0 /* Assets.xcassets */ = {isa = PBXFileReference; lastKnownFileType = folder.assetcatalog; path = Assets.xcassets; sourceTree = "<group>"; };
		2CCD2768213F7E58002750A0 /* Base */ = {isa = PBXFileReference; lastKnownFileType = file.storyboard; name = Base; path = Base.lproj/LaunchScreen.storyboard; sourceTree = "<group>"; };
		2CCD276A213F7E58002750A0 /* Info.plist */ = {isa = PBXFileReference; lastKnownFileType = text.plist.xml; path = Info.plist; sourceTree = "<group>"; };
		2CCD276B213F7E58002750A0 /* main.m */ = {isa = PBXFileReference; lastKnownFileType = sourcecode.c.objc; path = main.m; sourceTree = "<group>"; };
		62FDD41B3293513857D72514 /* Pods-LTBaseClassDemo.debug.xcconfig */ = {isa = PBXFileReference; includeInIndex = 1; lastKnownFileType = text.xcconfig; name = "Pods-LTBaseClassDemo.debug.xcconfig"; path = "Pods/Target Support Files/Pods-LTBaseClassDemo/Pods-LTBaseClassDemo.debug.xcconfig"; sourceTree = "<group>"; };
		90781EBAD4B3EF3B12F3B8C6 /* Pods_LTBaseClassDemo.framework */ = {isa = PBXFileReference; explicitFileType = wrapper.framework; includeInIndex = 0; path = Pods_LTBaseClassDemo.framework; sourceTree = BUILT_PRODUCTS_DIR; };
		9E28DB051C9F7E9184FF0E4D /* Pods-LTBaseClassDemo.release.xcconfig */ = {isa = PBXFileReference; includeInIndex = 1; lastKnownFileType = text.xcconfig; name = "Pods-LTBaseClassDemo.release.xcconfig"; path = "Pods/Target Support Files/Pods-LTBaseClassDemo/Pods-LTBaseClassDemo.release.xcconfig"; sourceTree = "<group>"; };
/* End PBXFileReference section */

/* Begin PBXFrameworksBuildPhase section */
		2CCD2756213F7E57002750A0 /* Frameworks */ = {
			isa = PBXFrameworksBuildPhase;
			buildActionMask = 2147483647;
			files = (
				D670A7B81CE7AB51BD6148B9 /* Pods_LTBaseClassDemo.framework in Frameworks */,
			);
			runOnlyForDeploymentPostprocessing = 0;
		};
/* End PBXFrameworksBuildPhase section */

/* Begin PBXGroup section */
		2C2A3924213FC2DD00E7FE74 /* LTBaseClasses */ = {
			isa = PBXGroup;
			children = (
				2C2A396A213FD0D100E7FE74 /* LTResources */,
				2C2A3925213FC2DD00E7FE74 /* BaseControllers */,
				2C2A393A213FC2DD00E7FE74 /* BaseModels */,
				2C2A3942213FC2DD00E7FE74 /* BaseViews */,
				2C2A394D213FC2DD00E7FE74 /* Helper */,
			);
			name = LTBaseClasses;
			path = ../LTBaseClasses;
			sourceTree = "<group>";
		};
		2C2A3925213FC2DD00E7FE74 /* BaseControllers */ = {
			isa = PBXGroup;
			children = (
				2C2A392A213FC2DD00E7FE74 /* LTNavigationController.h */,
				2C2A3934213FC2DD00E7FE74 /* LTNavigationController.m */,
				2C2A3932213FC2DD00E7FE74 /* LTNavUIBaseViewController.h */,
				2C2A392C213FC2DD00E7FE74 /* LTNavUIBaseViewController.m */,
				2C2A3936213FC2DD00E7FE74 /* LTTextViewController.h */,
				2C2A3928213FC2DD00E7FE74 /* LTTextViewController.m */,
				2C2A392E213FC2DD00E7FE74 /* LTRequestBaseViewController.h */,
				2C2A3938213FC2DD00E7FE74 /* LTRequestBaseViewController.m */,
				2C2A3930213FC2DD00E7FE74 /* LTBaseViewController.h */,
				2C2A3927213FC2DD00E7FE74 /* LTBaseViewController.m */,
				2C2A3926213FC2DD00E7FE74 /* LTTableViewController.h */,
				2C2A3931213FC2DD00E7FE74 /* LTTableViewController.m */,
				2C2A3929213FC2DD00E7FE74 /* LTCollectionViewController.h */,
				2C2A3935213FC2DD00E7FE74 /* LTCollectionViewController.m */,
				2C2A392D213FC2DD00E7FE74 /* LTStaticTableViewController.h */,
				2C2A3939213FC2DD00E7FE74 /* LTStaticTableViewController.m */,
				2C2A3937213FC2DD00E7FE74 /* LTStaticPlainTableViewController.h */,
				2C2A392F213FC2DD00E7FE74 /* LTStaticPlainTableViewController.m */,
				2C2A3933213FC2DD00E7FE74 /* LTWebViewController.h */,
				2C2A392B213FC2DD00E7FE74 /* LTWebViewController.m */,
			);
			path = BaseControllers;
			sourceTree = "<group>";
		};
		2C2A393A213FC2DD00E7FE74 /* BaseModels */ = {
			isa = PBXGroup;
			children = (
				2C2A393D213FC2DD00E7FE74 /* LTWordItem.h */,
				2C2A3940213FC2DD00E7FE74 /* LTWordItem.m */,
				2C2A393C213FC2DD00E7FE74 /* LTItemSection.h */,
				2C2A393F213FC2DD00E7FE74 /* LTItemSection.m */,
				2C2A393E213FC2DD00E7FE74 /* LTWordArrowItem.h */,
				2C2A393B213FC2DD00E7FE74 /* LTWordArrowItem.m */,
			);
			path = BaseModels;
			sourceTree = "<group>";
		};
		2C2A3942213FC2DD00E7FE74 /* BaseViews */ = {
			isa = PBXGroup;
			children = (
				2C2A394B213FC2DD00E7FE74 /* LTNavigationBar.h */,
				2C2A3947213FC2DD00E7FE74 /* LTNavigationBar.m */,
				2C2A394A213FC2DD00E7FE74 /* LTSettingCell.h */,
				2C2A3945213FC2DD00E7FE74 /* LTSettingCell.m */,
				2C2A3949213FC2DD00E7FE74 /* LTElementsFlowLayout.h */,
				2C2A3943213FC2DD00E7FE74 /* LTElementsFlowLayout.m */,
				2C2A394C213FC2DD00E7FE74 /* LTVerticalFlowLayout.h */,
				2C2A3946213FC2DD00E7FE74 /* LTVerticalFlowLayout.m */,
				2C2A3948213FC2DD00E7FE74 /* LTHorizontalFlowLayout.h */,
				2C2A3944213FC2DD00E7FE74 /* LTHorizontalFlowLayout.m */,
			);
			path = BaseViews;
			sourceTree = "<group>";
		};
		2C2A394D213FC2DD00E7FE74 /* Helper */ = {
			isa = PBXGroup;
			children = (
				2C358E7B2150E2D400136F74 /* LTBaseClassMacro.h */,
				2C2A3950213FC2DD00E7FE74 /* HFSingleton.h */,
				2C2A394E213FC2DD00E7FE74 /* LTHelper.h */,
				2C2A3952213FC2DD00E7FE74 /* LTHelper.m */,
				2C2A394F213FC2DD00E7FE74 /* WeakScriptMessageDelegate.h */,
				2C2A3951213FC2DD00E7FE74 /* WeakScriptMessageDelegate.m */,
			);
			path = Helper;
			sourceTree = "<group>";
		};
		2C2A396A213FD0D100E7FE74 /* LTResources */ = {
			isa = PBXGroup;
			children = (
				2C2A396B213FD0D100E7FE74 /* LTBaseClasses.bundle */,
			);
			path = LTResources;
			sourceTree = "<group>";
		};
		2CCD2750213F7E57002750A0 = {
			isa = PBXGroup;
			children = (
				2C2A3924213FC2DD00E7FE74 /* LTBaseClasses */,
				2CCD275B213F7E57002750A0 /* LTBaseClassDemo */,
				2CCD275A213F7E57002750A0 /* Products */,
				D0361D6ED2BBB1B5DC20A1D0 /* Pods */,
				9868FB66D5628FDF78B334B9 /* Frameworks */,
			);
			sourceTree = "<group>";
		};
		2CCD275A213F7E57002750A0 /* Products */ = {
			isa = PBXGroup;
			children = (
				2CCD2759213F7E57002750A0 /* LTBaseClassDemo.app */,
			);
			name = Products;
			sourceTree = "<group>";
		};
		2CCD275B213F7E57002750A0 /* LTBaseClassDemo */ = {
			isa = PBXGroup;
			children = (
				2CCD275C213F7E57002750A0 /* AppDelegate.h */,
				2CCD275D213F7E57002750A0 /* AppDelegate.m */,
				2CCD275F213F7E57002750A0 /* ViewController.h */,
				2CCD2760213F7E57002750A0 /* ViewController.m */,
				2CCD2762213F7E57002750A0 /* Main.storyboard */,
				2CCD2765213F7E58002750A0 /* Assets.xcassets */,
				2CCD2767213F7E58002750A0 /* LaunchScreen.storyboard */,
				2CCD276A213F7E58002750A0 /* Info.plist */,
				2CCD276B213F7E58002750A0 /* main.m */,
			);
			path = LTBaseClassDemo;
			sourceTree = "<group>";
		};
		9868FB66D5628FDF78B334B9 /* Frameworks */ = {
			isa = PBXGroup;
			children = (
				90781EBAD4B3EF3B12F3B8C6 /* Pods_LTBaseClassDemo.framework */,
			);
			name = Frameworks;
			sourceTree = "<group>";
		};
		D0361D6ED2BBB1B5DC20A1D0 /* Pods */ = {
			isa = PBXGroup;
			children = (
				62FDD41B3293513857D72514 /* Pods-LTBaseClassDemo.debug.xcconfig */,
				9E28DB051C9F7E9184FF0E4D /* Pods-LTBaseClassDemo.release.xcconfig */,
			);
			name = Pods;
			sourceTree = "<group>";
		};
/* End PBXGroup section */

/* Begin PBXNativeTarget section */
		2CCD2758213F7E57002750A0 /* LTBaseClassDemo */ = {
			isa = PBXNativeTarget;
			buildConfigurationList = 2CCD276F213F7E58002750A0 /* Build configuration list for PBXNativeTarget "LTBaseClassDemo" */;
			buildPhases = (
				F417CEF1ACB845B44AE0726B /* [CP] Check Pods Manifest.lock */,
				2CCD2755213F7E57002750A0 /* Sources */,
				2CCD2756213F7E57002750A0 /* Frameworks */,
				2CCD2757213F7E57002750A0 /* Resources */,
				F52CA4677B1C6464B1D0EAB3 /* [CP] Embed Pods Frameworks */,
			);
			buildRules = (
			);
			dependencies = (
			);
			name = LTBaseClassDemo;
			productName = LTBaseClassDemo;
			productReference = 2CCD2759213F7E57002750A0 /* LTBaseClassDemo.app */;
			productType = "com.apple.product-type.application";
		};
/* End PBXNativeTarget section */

/* Begin PBXProject section */
		2CCD2751213F7E57002750A0 /* Project object */ = {
			isa = PBXProject;
			attributes = {
				LastUpgradeCheck = 0940;
				ORGANIZATIONNAME = "洪峰";
				TargetAttributes = {
					2CCD2758213F7E57002750A0 = {
						CreatedOnToolsVersion = 9.4;
					};
				};
			};
			buildConfigurationList = 2CCD2754213F7E57002750A0 /* Build configuration list for PBXProject "LTBaseClassDemo" */;
			compatibilityVersion = "Xcode 9.3";
			developmentRegion = en;
			hasScannedForEncodings = 0;
			knownRegions = (
				en,
				Base,
			);
			mainGroup = 2CCD2750213F7E57002750A0;
			productRefGroup = 2CCD275A213F7E57002750A0 /* Products */;
			projectDirPath = "";
			projectRoot = "";
			targets = (
				2CCD2758213F7E57002750A0 /* LTBaseClassDemo */,
			);
		};
/* End PBXProject section */

/* Begin PBXResourcesBuildPhase section */
		2CCD2757213F7E57002750A0 /* Resources */ = {
			isa = PBXResourcesBuildPhase;
			buildActionMask = 2147483647;
			files = (
				2CCD2769213F7E58002750A0 /* LaunchScreen.storyboard in Resources */,
				2C2A396C213FD0D100E7FE74 /* LTBaseClasses.bundle in Resources */,
				2CCD2766213F7E58002750A0 /* Assets.xcassets in Resources */,
				2CCD2764213F7E57002750A0 /* Main.storyboard in Resources */,
			);
			runOnlyForDeploymentPostprocessing = 0;
		};
/* End PBXResourcesBuildPhase section */

/* Begin PBXShellScriptBuildPhase section */
		F417CEF1ACB845B44AE0726B /* [CP] Check Pods Manifest.lock */ = {
			isa = PBXShellScriptBuildPhase;
			buildActionMask = 2147483647;
			files = (
			);
			inputPaths = (
				"${PODS_PODFILE_DIR_PATH}/Podfile.lock",
				"${PODS_ROOT}/Manifest.lock",
			);
			name = "[CP] Check Pods Manifest.lock";
			outputPaths = (
				"$(DERIVED_FILE_DIR)/Pods-LTBaseClassDemo-checkManifestLockResult.txt",
			);
			runOnlyForDeploymentPostprocessing = 0;
			shellPath = /bin/sh;
			shellScript = "diff \"${PODS_PODFILE_DIR_PATH}/Podfile.lock\" \"${PODS_ROOT}/Manifest.lock\" > /dev/null\nif [ $? != 0 ] ; then\n    # print error to STDERR\n    echo \"error: The sandbox is not in sync with the Podfile.lock. Run 'pod install' or update your CocoaPods installation.\" >&2\n    exit 1\nfi\n# This output is used by Xcode 'outputs' to avoid re-running this script phase.\necho \"SUCCESS\" > \"${SCRIPT_OUTPUT_FILE_0}\"\n";
			showEnvVarsInLog = 0;
		};
		F52CA4677B1C6464B1D0EAB3 /* [CP] Embed Pods Frameworks */ = {
			isa = PBXShellScriptBuildPhase;
			buildActionMask = 2147483647;
			files = (
			);
			inputPaths = (
				"${SRCROOT}/Pods/Target Support Files/Pods-LTBaseClassDemo/Pods-LTBaseClassDemo-frameworks.sh",
				"${BUILT_PRODUCTS_DIR}/IQKeyboardManager/IQKeyboardManager.framework",
				"${BUILT_PRODUCTS_DIR}/LTCategories/LTCategories.framework",
				"${BUILT_PRODUCTS_DIR}/Reachability/Reachability.framework",
				"${BUILT_PRODUCTS_DIR}/YYCategories/YYCategories.framework",
			);
			name = "[CP] Embed Pods Frameworks";
			outputPaths = (
				"${TARGET_BUILD_DIR}/${FRAMEWORKS_FOLDER_PATH}/IQKeyboardManager.framework",
				"${TARGET_BUILD_DIR}/${FRAMEWORKS_FOLDER_PATH}/LTCategories.framework",
				"${TARGET_BUILD_DIR}/${FRAMEWORKS_FOLDER_PATH}/Reachability.framework",
				"${TARGET_BUILD_DIR}/${FRAMEWORKS_FOLDER_PATH}/YYCategories.framework",
			);
			runOnlyForDeploymentPostprocessing = 0;
			shellPath = /bin/sh;
			shellScript = "\"${SRCROOT}/Pods/Target Support Files/Pods-LTBaseClassDemo/Pods-LTBaseClassDemo-frameworks.sh\"\n";
			showEnvVarsInLog = 0;
		};
/* End PBXShellScriptBuildPhase section */

/* Begin PBXSourcesBuildPhase section */
		2CCD2755213F7E57002750A0 /* Sources */ = {
			isa = PBXSourcesBuildPhase;
			buildActionMask = 2147483647;
			files = (
				2C2A3964213FC2DD00E7FE74 /* LTNavigationBar.m in Sources */,
				2C2A395D213FC2DD00E7FE74 /* LTWordArrowItem.m in Sources */,
				2C2A3963213FC2DD00E7FE74 /* LTVerticalFlowLayout.m in Sources */,
				2C2A3960213FC2DD00E7FE74 /* LTElementsFlowLayout.m in Sources */,
				2C2A3957213FC2DD00E7FE74 /* LTStaticPlainTableViewController.m in Sources */,
				2C2A395F213FC2DD00E7FE74 /* LTWordItem.m in Sources */,
				2C2A3966213FC2DD00E7FE74 /* LTHelper.m in Sources */,
				2C2A3954213FC2DD00E7FE74 /* LTTextViewController.m in Sources */,
				2C2A3961213FC2DD00E7FE74 /* LTHorizontalFlowLayout.m in Sources */,
				2C2A395A213FC2DD00E7FE74 /* LTCollectionViewController.m in Sources */,
				2CCD2761213F7E57002750A0 /* ViewController.m in Sources */,
				2C2A3956213FC2DD00E7FE74 /* LTNavUIBaseViewController.m in Sources */,
				2CCD276C213F7E58002750A0 /* main.m in Sources */,
				2C2A3959213FC2DD00E7FE74 /* LTNavigationController.m in Sources */,
				2CCD275E213F7E57002750A0 /* AppDelegate.m in Sources */,
				2C2A3953213FC2DD00E7FE74 /* LTBaseViewController.m in Sources */,
				2C2A3955213FC2DD00E7FE74 /* LTWebViewController.m in Sources */,
				2C2A3958213FC2DD00E7FE74 /* LTTableViewController.m in Sources */,
				2C2A395E213FC2DD00E7FE74 /* LTItemSection.m in Sources */,
				2C2A395B213FC2DD00E7FE74 /* LTRequestBaseViewController.m in Sources */,
				2C2A395C213FC2DD00E7FE74 /* LTStaticTableViewController.m in Sources */,
				2C2A3962213FC2DD00E7FE74 /* LTSettingCell.m in Sources */,
				2C2A3965213FC2DD00E7FE74 /* WeakScriptMessageDelegate.m in Sources */,
			);
			runOnlyForDeploymentPostprocessing = 0;
		};
/* End PBXSourcesBuildPhase section */

/* Begin PBXVariantGroup section */
		2CCD2762213F7E57002750A0 /* Main.storyboard */ = {
			isa = PBXVariantGroup;
			children = (
				2CCD2763213F7E57002750A0 /* Base */,
			);
			name = Main.storyboard;
			sourceTree = "<group>";
		};
		2CCD2767213F7E58002750A0 /* LaunchScreen.storyboard */ = {
			isa = PBXVariantGroup;
			children = (
				2CCD2768213F7E58002750A0 /* Base */,
			);
			name = LaunchScreen.storyboard;
			sourceTree = "<group>";
		};
/* End PBXVariantGroup section */

/* Begin XCBuildConfiguration section */
		2CCD276D213F7E58002750A0 /* Debug */ = {
			isa = XCBuildConfiguration;
			buildSettings = {
				ALWAYS_SEARCH_USER_PATHS = NO;
				CLANG_ANALYZER_NONNULL = YES;
				CLANG_ANALYZER_NUMBER_OBJECT_CONVERSION = YES_AGGRESSIVE;
				CLANG_CXX_LANGUAGE_STANDARD = "gnu++14";
				CLANG_CXX_LIBRARY = "libc++";
				CLANG_ENABLE_MODULES = YES;
				CLANG_ENABLE_OBJC_ARC = YES;
				CLANG_ENABLE_OBJC_WEAK = YES;
				CLANG_WARN_BLOCK_CAPTURE_AUTORELEASING = YES;
				CLANG_WARN_BOOL_CONVERSION = YES;
				CLANG_WARN_COMMA = YES;
				CLANG_WARN_CONSTANT_CONVERSION = YES;
				CLANG_WARN_DEPRECATED_OBJC_IMPLEMENTATIONS = YES;
				CLANG_WARN_DIRECT_OBJC_ISA_USAGE = YES_ERROR;
				CLANG_WARN_DOCUMENTATION_COMMENTS = YES;
				CLANG_WARN_EMPTY_BODY = YES;
				CLANG_WARN_ENUM_CONVERSION = YES;
				CLANG_WARN_INFINITE_RECURSION = YES;
				CLANG_WARN_INT_CONVERSION = YES;
				CLANG_WARN_NON_LITERAL_NULL_CONVERSION = YES;
				CLANG_WARN_OBJC_IMPLICIT_RETAIN_SELF = YES;
				CLANG_WARN_OBJC_LITERAL_CONVERSION = YES;
				CLANG_WARN_OBJC_ROOT_CLASS = YES_ERROR;
				CLANG_WARN_RANGE_LOOP_ANALYSIS = YES;
				CLANG_WARN_STRICT_PROTOTYPES = YES;
				CLANG_WARN_SUSPICIOUS_MOVE = YES;
				CLANG_WARN_UNGUARDED_AVAILABILITY = YES_AGGRESSIVE;
				CLANG_WARN_UNREACHABLE_CODE = YES;
				CLANG_WARN__DUPLICATE_METHOD_MATCH = YES;
				CODE_SIGN_IDENTITY = "iPhone Developer";
				COPY_PHASE_STRIP = NO;
				DEBUG_INFORMATION_FORMAT = dwarf;
				ENABLE_STRICT_OBJC_MSGSEND = YES;
				ENABLE_TESTABILITY = YES;
				GCC_C_LANGUAGE_STANDARD = gnu11;
				GCC_DYNAMIC_NO_PIC = NO;
				GCC_NO_COMMON_BLOCKS = YES;
				GCC_OPTIMIZATION_LEVEL = 0;
				GCC_PREPROCESSOR_DEFINITIONS = (
					"DEBUG=1",
					"$(inherited)",
				);
				GCC_WARN_64_TO_32_BIT_CONVERSION = YES;
				GCC_WARN_ABOUT_RETURN_TYPE = YES_ERROR;
				GCC_WARN_UNDECLARED_SELECTOR = YES;
				GCC_WARN_UNINITIALIZED_AUTOS = YES_AGGRESSIVE;
				GCC_WARN_UNUSED_FUNCTION = YES;
				GCC_WARN_UNUSED_VARIABLE = YES;
				IPHONEOS_DEPLOYMENT_TARGET = 11.4;
				MTL_ENABLE_DEBUG_INFO = YES;
				ONLY_ACTIVE_ARCH = YES;
				SDKROOT = iphoneos;
				WARNING_CFLAGS = "";
			};
			name = Debug;
		};
		2CCD276E213F7E58002750A0 /* Release */ = {
			isa = XCBuildConfiguration;
			buildSettings = {
				ALWAYS_SEARCH_USER_PATHS = NO;
				CLANG_ANALYZER_NONNULL = YES;
				CLANG_ANALYZER_NUMBER_OBJECT_CONVERSION = YES_AGGRESSIVE;
				CLANG_CXX_LANGUAGE_STANDARD = "gnu++14";
				CLANG_CXX_LIBRARY = "libc++";
				CLANG_ENABLE_MODULES = YES;
				CLANG_ENABLE_OBJC_ARC = YES;
				CLANG_ENABLE_OBJC_WEAK = YES;
				CLANG_WARN_BLOCK_CAPTURE_AUTORELEASING = YES;
				CLANG_WARN_BOOL_CONVERSION = YES;
				CLANG_WARN_COMMA = YES;
				CLANG_WARN_CONSTANT_CONVERSION = YES;
				CLANG_WARN_DEPRECATED_OBJC_IMPLEMENTATIONS = YES;
				CLANG_WARN_DIRECT_OBJC_ISA_USAGE = YES_ERROR;
				CLANG_WARN_DOCUMENTATION_COMMENTS = YES;
				CLANG_WARN_EMPTY_BODY = YES;
				CLANG_WARN_ENUM_CONVERSION = YES;
				CLANG_WARN_INFINITE_RECURSION = YES;
				CLANG_WARN_INT_CONVERSION = YES;
				CLANG_WARN_NON_LITERAL_NULL_CONVERSION = YES;
				CLANG_WARN_OBJC_IMPLICIT_RETAIN_SELF = YES;
				CLANG_WARN_OBJC_LITERAL_CONVERSION = YES;
				CLANG_WARN_OBJC_ROOT_CLASS = YES_ERROR;
				CLANG_WARN_RANGE_LOOP_ANALYSIS = YES;
				CLANG_WARN_STRICT_PROTOTYPES = YES;
				CLANG_WARN_SUSPICIOUS_MOVE = YES;
				CLANG_WARN_UNGUARDED_AVAILABILITY = YES_AGGRESSIVE;
				CLANG_WARN_UNREACHABLE_CODE = YES;
				CLANG_WARN__DUPLICATE_METHOD_MATCH = YES;
				CODE_SIGN_IDENTITY = "iPhone Developer";
				COPY_PHASE_STRIP = NO;
				DEBUG_INFORMATION_FORMAT = "dwarf-with-dsym";
				ENABLE_NS_ASSERTIONS = NO;
				ENABLE_STRICT_OBJC_MSGSEND = YES;
				GCC_C_LANGUAGE_STANDARD = gnu11;
				GCC_NO_COMMON_BLOCKS = YES;
				GCC_WARN_64_TO_32_BIT_CONVERSION = YES;
				GCC_WARN_ABOUT_RETURN_TYPE = YES_ERROR;
				GCC_WARN_UNDECLARED_SELECTOR = YES;
				GCC_WARN_UNINITIALIZED_AUTOS = YES_AGGRESSIVE;
				GCC_WARN_UNUSED_FUNCTION = YES;
				GCC_WARN_UNUSED_VARIABLE = YES;
				IPHONEOS_DEPLOYMENT_TARGET = 11.4;
				MTL_ENABLE_DEBUG_INFO = NO;
				SDKROOT = iphoneos;
				VALIDATE_PRODUCT = YES;
				WARNING_CFLAGS = "";
			};
			name = Release;
		};
		2CCD2770213F7E58002750A0 /* Debug */ = {
			isa = XCBuildConfiguration;
			baseConfigurationReference = 62FDD41B3293513857D72514 /* Pods-LTBaseClassDemo.debug.xcconfig */;
			buildSettings = {
				ASSETCATALOG_COMPILER_APPICON_NAME = AppIcon;
				CLANG_WARN_DOCUMENTATION_COMMENTS = NO;
				CODE_SIGN_STYLE = Automatic;
				DEVELOPMENT_TEAM = LGDE7JACAC;
				INFOPLIST_FILE = LTBaseClassDemo/Info.plist;
				IPHONEOS_DEPLOYMENT_TARGET = 8.0;
				LD_RUNPATH_SEARCH_PATHS = (
					"$(inherited)",
					"@executable_path/Frameworks",
				);
				PRODUCT_BUNDLE_IDENTIFIER = LT.LTBaseClassDemo;
				PRODUCT_NAME = "$(TARGET_NAME)";
				TARGETED_DEVICE_FAMILY = "1,2";
			};
			name = Debug;
		};
		2CCD2771213F7E58002750A0 /* Release */ = {
			isa = XCBuildConfiguration;
			baseConfigurationReference = 9E28DB051C9F7E9184FF0E4D /* Pods-LTBaseClassDemo.release.xcconfig */;
			buildSettings = {
				ASSETCATALOG_COMPILER_APPICON_NAME = AppIcon;
				CLANG_WARN_DOCUMENTATION_COMMENTS = NO;
				CODE_SIGN_STYLE = Automatic;
				DEVELOPMENT_TEAM = LGDE7JACAC;
				INFOPLIST_FILE = LTBaseClassDemo/Info.plist;
				IPHONEOS_DEPLOYMENT_TARGET = 8.0;
				LD_RUNPATH_SEARCH_PATHS = (
					"$(inherited)",
					"@executable_path/Frameworks",
				);
				PRODUCT_BUNDLE_IDENTIFIER = LT.LTBaseClassDemo;
				PRODUCT_NAME = "$(TARGET_NAME)";
				TARGETED_DEVICE_FAMILY = "1,2";
			};
			name = Release;
		};
/* End XCBuildConfiguration section */

/* Begin XCConfigurationList section */
		2CCD2754213F7E57002750A0 /* Build configuration list for PBXProject "LTBaseClassDemo" */ = {
			isa = XCConfigurationList;
			buildConfigurations = (
				2CCD276D213F7E58002750A0 /* Debug */,
				2CCD276E213F7E58002750A0 /* Release */,
			);
			defaultConfigurationIsVisible = 0;
			defaultConfigurationName = Release;
		};
		2CCD276F213F7E58002750A0 /* Build configuration list for PBXNativeTarget "LTBaseClassDemo" */ = {
			isa = XCConfigurationList;
			buildConfigurations = (
				2CCD2770213F7E58002750A0 /* Debug */,
				2CCD2771213F7E58002750A0 /* Release */,
			);
			defaultConfigurationIsVisible = 0;
			defaultConfigurationName = Release;
		};
/* End XCConfigurationList section */
	};
	rootObject = 2CCD2751213F7E57002750A0 /* Project object */;
}
